
Microsoft Visual Studio Solution File, Format Version 12.00
# Visual Studio Version 17
VisualStudioVersion = 17.3.32901.215
MinimumVisualStudioVersion = 10.0.40219.1
Project("{FAE04EC0-301F-11D3-BF4B-00C04F79EFBC}") = "Dad's Book Finder", "Dad's Book Finder\Dad's Book Finder.csproj", "{6A629529-2F77-41CB-B3A0-C40A8BE85A53}"
EndProject
Global
	GlobalSection(SolutionConfigurationPlatforms) = preSolution
		Debug|Any CPU = Debug|Any CPU
		Release|Any CPU = Release|Any CPU
	EndGlobalSection
	GlobalSection(ProjectConfigurationPlatforms) = postSolution
		{6A629529-2F77-41CB-B3A0-C40A8BE85A53}.Debug|Any CPU.ActiveCfg = Debug|Any CPU
		{6A629529-2F77-41CB-B3A0-C40A8BE85A53}.Debug|Any CPU.Build.0 = Debug|Any CPU
		{6A629529-2F77-41CB-B3A0-C40A8BE85A53}.Release|Any CPU.ActiveCfg = Release|Any CPU
		{6A629529-2F77-41CB-B3A0-C40A8BE85A53}.Release|Any CPU.Build.0 = Release|Any CPU
	EndGlobalSection
	GlobalSection(SolutionProperties) = preSolution
		HideSolutionNode = FALSE
	EndGlobalSection
	GlobalSection(ExtensibilityGlobals) = postSolution
		SolutionGuid = {DB7322AC-9983-461B-A7A1-71D551D1D3E9}
	EndGlobalSection
EndGlobal
